// !$*UTF8*$!
{
	archiveVersion = 1;
	classes = {
	};
	objectVersion = 56;
	objects = {

/* Begin PBXBuildFile section */
		C56EEC9D2A2370570048124D /* main.swift in Sources */ = {isa = PBXBuildFile; fileRef = C56EEC9C2A2370570048124D /* main.swift */; };
/* End PBXBuildFile section */

/* Begin PBXCopyFilesBuildPhase section */
		C56EEC632A1FC58F0048124D /* CopyFiles */ = {
			isa = PBXCopyFilesBuildPhase;
			buildActionMask = 2147483647;
			dstPath = /usr/share/man/man1/;
			dstSubfolderSpec = 0;
			files = (
			);
			runOnlyForDeploymentPostprocessing = 1;
		};
/* End PBXCopyFilesBuildPhase section */

/* Begin PBXFileReference section */
		C56EEC652A1FC58F0048124D /* PS */ = {isa = PBXFileReference; explicitFileType = "compiled.mach-o.executable"; includeInIndex = 0; path = PS; sourceTree = BUILT_PRODUCTS_DIR; };
		C56EEC682A1FC58F0048124D /* BOJ 1번 - 연산.swift */ = {isa = PBXFileReference; lastKnownFileType = sourcecode.swift; path = "BOJ 1번 - 연산.swift"; sourceTree = "<group>"; };
		C56EEC732A1FCC100048124D /* BOJ 2480.swift */ = {isa = PBXFileReference; lastKnownFileType = sourcecode.swift; path = "BOJ 2480.swift"; sourceTree = "<group>"; };
		C56EEC772A2089DC0048124D /* BOJ 15552.swift */ = {isa = PBXFileReference; lastKnownFileType = sourcecode.swift; path = "BOJ 15552.swift"; sourceTree = "<group>"; };
		C56EEC792A223F790048124D /* BOJ 11022.swift */ = {isa = PBXFileReference; lastKnownFileType = sourcecode.swift; path = "BOJ 11022.swift"; sourceTree = "<group>"; };
		C56EEC7B2A2242370048124D /* BOJ 2438.swift */ = {isa = PBXFileReference; lastKnownFileType = sourcecode.swift; path = "BOJ 2438.swift"; sourceTree = "<group>"; };
		C56EEC822A2244B70048124D /* BOJ 10952.swift */ = {isa = PBXFileReference; lastKnownFileType = sourcecode.swift; path = "BOJ 10952.swift"; sourceTree = "<group>"; };
		C56EEC842A2245AD0048124D /* BOJ 10951.swift */ = {isa = PBXFileReference; lastKnownFileType = sourcecode.swift; path = "BOJ 10951.swift"; sourceTree = "<group>"; };
		C56EEC872A224A060048124D /* BOJ 10807.swift */ = {isa = PBXFileReference; lastKnownFileType = sourcecode.swift; path = "BOJ 10807.swift"; sourceTree = "<group>"; };
		C56EEC892A235EE00048124D /* BOJ 10871.swift */ = {isa = PBXFileReference; lastKnownFileType = sourcecode.swift; path = "BOJ 10871.swift"; sourceTree = "<group>"; };
		C56EEC8B2A23600A0048124D /* BOJ 10818.swift */ = {isa = PBXFileReference; lastKnownFileType = sourcecode.swift; path = "BOJ 10818.swift"; sourceTree = "<group>"; };
		C56EEC8D2A23617B0048124D /* BOJ 2562.swift */ = {isa = PBXFileReference; lastKnownFileType = sourcecode.swift; path = "BOJ 2562.swift"; sourceTree = "<group>"; };
		C56EEC8F2A23623B0048124D /* BOJ 10810.swift */ = {isa = PBXFileReference; lastKnownFileType = sourcecode.swift; path = "BOJ 10810.swift"; sourceTree = "<group>"; };
		C56EEC912A2365410048124D /* BOJ 10813.swift */ = {isa = PBXFileReference; lastKnownFileType = sourcecode.swift; path = "BOJ 10813.swift"; sourceTree = "<group>"; };
		C56EEC932A23675B0048124D /* BOJ 5597.swift */ = {isa = PBXFileReference; lastKnownFileType = sourcecode.swift; path = "BOJ 5597.swift"; sourceTree = "<group>"; };
		C56EEC952A23688E0048124D /* BOJ 3052.swift */ = {isa = PBXFileReference; lastKnownFileType = sourcecode.swift; path = "BOJ 3052.swift"; sourceTree = "<group>"; };
		C56EEC972A2369F70048124D /* BOJ 10811.swift */ = {isa = PBXFileReference; lastKnownFileType = sourcecode.swift; path = "BOJ 10811.swift"; sourceTree = "<group>"; };
		C56EEC992A236C570048124D /* BOJ 1542.swift */ = {isa = PBXFileReference; lastKnownFileType = sourcecode.swift; path = "BOJ 1542.swift"; sourceTree = "<group>"; };
		C56EEC9C2A2370570048124D /* main.swift */ = {isa = PBXFileReference; lastKnownFileType = sourcecode.swift; path = main.swift; sourceTree = "<group>"; };
/* End PBXFileReference section */

/* Begin PBXFrameworksBuildPhase section */
		C56EEC622A1FC58F0048124D /* Frameworks */ = {
			isa = PBXFrameworksBuildPhase;
			buildActionMask = 2147483647;
			files = (
			);
			runOnlyForDeploymentPostprocessing = 0;
		};
/* End PBXFrameworksBuildPhase section */

/* Begin PBXGroup section */
		C56EEC5C2A1FC58F0048124D = {
			isa = PBXGroup;
			children = (
				C56EEC672A1FC58F0048124D /* PS */,
				C56EEC662A1FC58F0048124D /* Products */,
			);
			sourceTree = "<group>";
		};
		C56EEC662A1FC58F0048124D /* Products */ = {
			isa = PBXGroup;
			children = (
				C56EEC652A1FC58F0048124D /* PS */,
			);
			name = Products;
			sourceTree = "<group>";
		};
		C56EEC672A1FC58F0048124D /* PS */ = {
			isa = PBXGroup;
			children = (
				C56EEC9B2A23704C0048124D /* BOJ 5번 */,
				C56EEC862A2249F40048124D /* BOJ 4번 */,
				C56EEC762A2089AE0048124D /* BOJ 3번 */,
				C56EEC722A1FCBFE0048124D /* BOJ 2번 */,
				C56EEC6F2A1FC99A0048124D /* BOJ 1번 */,
			);
			path = PS;
			sourceTree = "<group>";
		};
		C56EEC6F2A1FC99A0048124D /* BOJ 1번 */ = {
			isa = PBXGroup;
			children = (
				C56EEC682A1FC58F0048124D /* BOJ 1번 - 연산.swift */,
			);
			name = "BOJ 1번";
			path = "BOJ 1번";
			sourceTree = "<group>";
		};
		C56EEC722A1FCBFE0048124D /* BOJ 2번 */ = {
			isa = PBXGroup;
			children = (
				C56EEC732A1FCC100048124D /* BOJ 2480.swift */,
			);
			name = "BOJ 2번";
			path = "BOJ 2번";
			sourceTree = "<group>";
		};
		C56EEC762A2089AE0048124D /* BOJ 3번 */ = {
			isa = PBXGroup;
			children = (
				C56EEC772A2089DC0048124D /* BOJ 15552.swift */,
				C56EEC792A223F790048124D /* BOJ 11022.swift */,
				C56EEC7B2A2242370048124D /* BOJ 2438.swift */,
				C56EEC822A2244B70048124D /* BOJ 10952.swift */,
				C56EEC842A2245AD0048124D /* BOJ 10951.swift */,
			);
			name = "BOJ 3번";
			path = "BOJ 3번";
			sourceTree = "<group>";
		};
		C56EEC862A2249F40048124D /* BOJ 4번 */ = {
			isa = PBXGroup;
			children = (
				C56EEC872A224A060048124D /* BOJ 10807.swift */,
				C56EEC892A235EE00048124D /* BOJ 10871.swift */,
				C56EEC8B2A23600A0048124D /* BOJ 10818.swift */,
				C56EEC8D2A23617B0048124D /* BOJ 2562.swift */,
				C56EEC8F2A23623B0048124D /* BOJ 10810.swift */,
				C56EEC912A2365410048124D /* BOJ 10813.swift */,
				C56EEC932A23675B0048124D /* BOJ 5597.swift */,
				C56EEC952A23688E0048124D /* BOJ 3052.swift */,
				C56EEC972A2369F70048124D /* BOJ 10811.swift */,
				C56EEC992A236C570048124D /* BOJ 1542.swift */,
			);
			name = "BOJ 4번";
			path = "BOJ 4번";
			sourceTree = "<group>";
		};
		C56EEC9B2A23704C0048124D /* BOJ 5번 */ = {
			isa = PBXGroup;
			children = (
				C56EEC9C2A2370570048124D /* main.swift */,
			);
			name = "BOJ 5번";
			path = "BOJ 5번";
			sourceTree = "<group>";
		};
/* End PBXGroup section */

/* Begin PBXNativeTarget section */
		C56EEC642A1FC58F0048124D /* PS */ = {
			isa = PBXNativeTarget;
			buildConfigurationList = C56EEC6C2A1FC58F0048124D /* Build configuration list for PBXNativeTarget "PS" */;
			buildPhases = (
				C56EEC612A1FC58F0048124D /* Sources */,
				C56EEC622A1FC58F0048124D /* Frameworks */,
				C56EEC632A1FC58F0048124D /* CopyFiles */,
			);
			buildRules = (
			);
			dependencies = (
			);
			name = PS;
			productName = PS;
			productReference = C56EEC652A1FC58F0048124D /* PS */;
			productType = "com.apple.product-type.tool";
		};
/* End PBXNativeTarget section */

/* Begin PBXProject section */
		C56EEC5D2A1FC58F0048124D /* Project object */ = {
			isa = PBXProject;
			attributes = {
				BuildIndependentTargetsInParallel = 1;
				LastSwiftUpdateCheck = 1430;
				LastUpgradeCheck = 1430;
				TargetAttributes = {
					C56EEC642A1FC58F0048124D = {
						CreatedOnToolsVersion = 14.3;
						LastSwiftMigration = 1430;
					};
				};
			};
			buildConfigurationList = C56EEC602A1FC58F0048124D /* Build configuration list for PBXProject "PS" */;
			compatibilityVersion = "Xcode 14.0";
			developmentRegion = en;
			hasScannedForEncodings = 0;
			knownRegions = (
				en,
				Base,
			);
			mainGroup = C56EEC5C2A1FC58F0048124D;
			productRefGroup = C56EEC662A1FC58F0048124D /* Products */;
			projectDirPath = "";
			projectRoot = "";
			targets = (
				C56EEC642A1FC58F0048124D /* PS */,
			);
		};
/* End PBXProject section */

/* Begin PBXSourcesBuildPhase section */
		C56EEC612A1FC58F0048124D /* Sources */ = {
			isa = PBXSourcesBuildPhase;
			buildActionMask = 2147483647;
			files = (
				C56EEC9D2A2370570048124D /* main.swift in Sources */,
			);
			runOnlyForDeploymentPostprocessing = 0;
		};
/* End PBXSourcesBuildPhase section */

/* Begin XCBuildConfiguration section */
		C56EEC6A2A1FC58F0048124D /* Debug */ = {
			isa = XCBuildConfiguration;
			buildSettings = {
				ALWAYS_SEARCH_USER_PATHS = NO;
				CLANG_ANALYZER_NONNULL = YES;
				CLANG_ANALYZER_NUMBER_OBJECT_CONVERSION = YES_AGGRESSIVE;
				CLANG_CXX_LANGUAGE_STANDARD = "gnu++20";
				CLANG_ENABLE_MODULES = YES;
				CLANG_ENABLE_OBJC_ARC = YES;
				CLANG_ENABLE_OBJC_WEAK = YES;
				CLANG_WARN_BLOCK_CAPTURE_AUTORELEASING = YES;
				CLANG_WARN_BOOL_CONVERSION = YES;
				CLANG_WARN_COMMA = YES;
				CLANG_WARN_CONSTANT_CONVERSION = YES;
				CLANG_WARN_DEPRECATED_OBJC_IMPLEMENTATIONS = YES;
				CLANG_WARN_DIRECT_OBJC_ISA_USAGE = YES_ERROR;
				CLANG_WARN_DOCUMENTATION_COMMENTS = YES;
				CLANG_WARN_EMPTY_BODY = YES;
				CLANG_WARN_ENUM_CONVERSION = YES;
				CLANG_WARN_INFINITE_RECURSION = YES;
				CLANG_WARN_INT_CONVERSION = YES;
				CLANG_WARN_NON_LITERAL_NULL_CONVERSION = YES;
				CLANG_WARN_OBJC_IMPLICIT_RETAIN_SELF = YES;
				CLANG_WARN_OBJC_LITERAL_CONVERSION = YES;
				CLANG_WARN_OBJC_ROOT_CLASS = YES_ERROR;
				CLANG_WARN_QUOTED_INCLUDE_IN_FRAMEWORK_HEADER = YES;
				CLANG_WARN_RANGE_LOOP_ANALYSIS = YES;
				CLANG_WARN_STRICT_PROTOTYPES = YES;
				CLANG_WARN_SUSPICIOUS_MOVE = YES;
				CLANG_WARN_UNGUARDED_AVAILABILITY = YES_AGGRESSIVE;
				CLANG_WARN_UNREACHABLE_CODE = YES;
				CLANG_WARN__DUPLICATE_METHOD_MATCH = YES;
				COPY_PHASE_STRIP = NO;
				DEBUG_INFORMATION_FORMAT = dwarf;
				ENABLE_STRICT_OBJC_MSGSEND = YES;
				ENABLE_TESTABILITY = YES;
				GCC_C_LANGUAGE_STANDARD = gnu11;
				GCC_DYNAMIC_NO_PIC = NO;
				GCC_NO_COMMON_BLOCKS = YES;
				GCC_OPTIMIZATION_LEVEL = 0;
				GCC_PREPROCESSOR_DEFINITIONS = (
					"DEBUG=1",
					"$(inherited)",
				);
				GCC_WARN_64_TO_32_BIT_CONVERSION = YES;
				GCC_WARN_ABOUT_RETURN_TYPE = YES_ERROR;
				GCC_WARN_UNDECLARED_SELECTOR = YES;
				GCC_WARN_UNINITIALIZED_AUTOS = YES_AGGRESSIVE;
				GCC_WARN_UNUSED_FUNCTION = YES;
				GCC_WARN_UNUSED_VARIABLE = YES;
				MACOSX_DEPLOYMENT_TARGET = 13.0;
				MTL_ENABLE_DEBUG_INFO = INCLUDE_SOURCE;
				MTL_FAST_MATH = YES;
				ONLY_ACTIVE_ARCH = YES;
				SDKROOT = macosx;
				SWIFT_ACTIVE_COMPILATION_CONDITIONS = DEBUG;
				SWIFT_OPTIMIZATION_LEVEL = "-Onone";
			};
			name = Debug;
		};
		C56EEC6B2A1FC58F0048124D /* Release */ = {
			isa = XCBuildConfiguration;
			buildSettings = {
				ALWAYS_SEARCH_USER_PATHS = NO;
				CLANG_ANALYZER_NONNULL = YES;
				CLANG_ANALYZER_NUMBER_OBJECT_CONVERSION = YES_AGGRESSIVE;
				CLANG_CXX_LANGUAGE_STANDARD = "gnu++20";
				CLANG_ENABLE_MODULES = YES;
				CLANG_ENABLE_OBJC_ARC = YES;
				CLANG_ENABLE_OBJC_WEAK = YES;
				CLANG_WARN_BLOCK_CAPTURE_AUTORELEASING = YES;
				CLANG_WARN_BOOL_CONVERSION = YES;
				CLANG_WARN_COMMA = YES;
				CLANG_WARN_CONSTANT_CONVERSION = YES;
				CLANG_WARN_DEPRECATED_OBJC_IMPLEMENTATIONS = YES;
				CLANG_WARN_DIRECT_OBJC_ISA_USAGE = YES_ERROR;
				CLANG_WARN_DOCUMENTATION_COMMENTS = YES;
				CLANG_WARN_EMPTY_BODY = YES;
				CLANG_WARN_ENUM_CONVERSION = YES;
				CLANG_WARN_INFINITE_RECURSION = YES;
				CLANG_WARN_INT_CONVERSION = YES;
				CLANG_WARN_NON_LITERAL_NULL_CONVERSION = YES;
				CLANG_WARN_OBJC_IMPLICIT_RETAIN_SELF = YES;
				CLANG_WARN_OBJC_LITERAL_CONVERSION = YES;
				CLANG_WARN_OBJC_ROOT_CLASS = YES_ERROR;
				CLANG_WARN_QUOTED_INCLUDE_IN_FRAMEWORK_HEADER = YES;
				CLANG_WARN_RANGE_LOOP_ANALYSIS = YES;
				CLANG_WARN_STRICT_PROTOTYPES = YES;
				CLANG_WARN_SUSPICIOUS_MOVE = YES;
				CLANG_WARN_UNGUARDED_AVAILABILITY = YES_AGGRESSIVE;
				CLANG_WARN_UNREACHABLE_CODE = YES;
				CLANG_WARN__DUPLICATE_METHOD_MATCH = YES;
				COPY_PHASE_STRIP = NO;
				DEBUG_INFORMATION_FORMAT = "dwarf-with-dsym";
				ENABLE_NS_ASSERTIONS = NO;
				ENABLE_STRICT_OBJC_MSGSEND = YES;
				GCC_C_LANGUAGE_STANDARD = gnu11;
				GCC_NO_COMMON_BLOCKS = YES;
				GCC_WARN_64_TO_32_BIT_CONVERSION = YES;
				GCC_WARN_ABOUT_RETURN_TYPE = YES_ERROR;
				GCC_WARN_UNDECLARED_SELECTOR = YES;
				GCC_WARN_UNINITIALIZED_AUTOS = YES_AGGRESSIVE;
				GCC_WARN_UNUSED_FUNCTION = YES;
				GCC_WARN_UNUSED_VARIABLE = YES;
				MACOSX_DEPLOYMENT_TARGET = 13.0;
				MTL_ENABLE_DEBUG_INFO = NO;
				MTL_FAST_MATH = YES;
				SDKROOT = macosx;
				SWIFT_COMPILATION_MODE = wholemodule;
				SWIFT_OPTIMIZATION_LEVEL = "-O";
			};
			name = Release;
		};
		C56EEC6D2A1FC58F0048124D /* Debug */ = {
			isa = XCBuildConfiguration;
			buildSettings = {
				CLANG_ENABLE_MODULES = YES;
				CODE_SIGN_STYLE = Automatic;
				DEVELOPMENT_TEAM = SNYPHGS3ZB;
				ENABLE_HARDENED_RUNTIME = YES;
				PRODUCT_NAME = "$(TARGET_NAME)";
				SWIFT_OBJC_BRIDGING_HEADER = "";
				SWIFT_OPTIMIZATION_LEVEL = "-Onone";
				SWIFT_VERSION = 5.0;
			};
			name = Debug;
		};
		C56EEC6E2A1FC58F0048124D /* Release */ = {
			isa = XCBuildConfiguration;
			buildSettings = {
				CLANG_ENABLE_MODULES = YES;
				CODE_SIGN_STYLE = Automatic;
				DEVELOPMENT_TEAM = SNYPHGS3ZB;
				ENABLE_HARDENED_RUNTIME = YES;
				PRODUCT_NAME = "$(TARGET_NAME)";
				SWIFT_OBJC_BRIDGING_HEADER = "";
				SWIFT_VERSION = 5.0;
			};
			name = Release;
		};
/* End XCBuildConfiguration section */

/* Begin XCConfigurationList section */
		C56EEC602A1FC58F0048124D /* Build configuration list for PBXProject "PS" */ = {
			isa = XCConfigurationList;
			buildConfigurations = (
				C56EEC6A2A1FC58F0048124D /* Debug */,
				C56EEC6B2A1FC58F0048124D /* Release */,
			);
			defaultConfigurationIsVisible = 0;
			defaultConfigurationName = Release;
		};
		C56EEC6C2A1FC58F0048124D /* Build configuration list for PBXNativeTarget "PS" */ = {
			isa = XCConfigurationList;
			buildConfigurations = (
				C56EEC6D2A1FC58F0048124D /* Debug */,
				C56EEC6E2A1FC58F0048124D /* Release */,
			);
			defaultConfigurationIsVisible = 0;
			defaultConfigurationName = Release;
		};
/* End XCConfigurationList section */
	};
	rootObject = C56EEC5D2A1FC58F0048124D /* Project object */;
}
